// !$*UTF8*$!
{
	archiveVersion = 1;
	classes = {
	};
	objectVersion = 46;
	objects = {

/* Begin PBXBuildFile section */
		971687E01A1F1C2B00FE98FC /* TSTeacher.m in Sources */ = {isa = PBXBuildFile; fileRef = 971687DF1A1F1C2B00FE98FC /* TSTeacher.m */; };
		971687E31A1F1C3900FE98FC /* TSParent.m in Sources */ = {isa = PBXBuildFile; fileRef = 971687E21A1F1C3900FE98FC /* TSParent.m */; };
		971687E71A1F823900FE98FC /* TSUtils.m in Sources */ = {isa = PBXBuildFile; fileRef = 971687E61A1F823900FE98FC /* TSUtils.m */; };
		971688131A20656100FE98FC /* AudioToolbox.framework in Frameworks */ = {isa = PBXBuildFile; fileRef = 971688091A20656100FE98FC /* AudioToolbox.framework */; };
		971688141A20656100FE98FC /* CFNetwork.framework in Frameworks */ = {isa = PBXBuildFile; fileRef = 9716880A1A20656100FE98FC /* CFNetwork.framework */; };
		971688151A20656100FE98FC /* CoreGraphics.framework in Frameworks */ = {isa = PBXBuildFile; fileRef = 9716880B1A20656100FE98FC /* CoreGraphics.framework */; };
		971688161A20656100FE98FC /* CoreLocation.framework in Frameworks */ = {isa = PBXBuildFile; fileRef = 9716880C1A20656100FE98FC /* CoreLocation.framework */; };
		971688171A20656100FE98FC /* libz.dylib in Frameworks */ = {isa = PBXBuildFile; fileRef = 9716880D1A20656100FE98FC /* libz.dylib */; };
		971688181A20656100FE98FC /* MobileCoreServices.framework in Frameworks */ = {isa = PBXBuildFile; fileRef = 9716880E1A20656100FE98FC /* MobileCoreServices.framework */; };
		971688191A20656100FE98FC /* QuartzCore.framework in Frameworks */ = {isa = PBXBuildFile; fileRef = 9716880F1A20656100FE98FC /* QuartzCore.framework */; };
		9716881A1A20656100FE98FC /* Security.framework in Frameworks */ = {isa = PBXBuildFile; fileRef = 971688101A20656100FE98FC /* Security.framework */; };
		9716881B1A20656100FE98FC /* StoreKit.framework in Frameworks */ = {isa = PBXBuildFile; fileRef = 971688111A20656100FE98FC /* StoreKit.framework */; };
		9716881C1A20656100FE98FC /* SystemConfiguration.framework in Frameworks */ = {isa = PBXBuildFile; fileRef = 971688121A20656100FE98FC /* SystemConfiguration.framework */; };
		973A4BD81A1F174D0039175A /* main.m in Sources */ = {isa = PBXBuildFile; fileRef = 973A4BD71A1F174D0039175A /* main.m */; };
		973A4BDB1A1F174D0039175A /* AppDelegate.m in Sources */ = {isa = PBXBuildFile; fileRef = 973A4BDA1A1F174D0039175A /* AppDelegate.m */; };
		973A4BE11A1F174D0039175A /* Main.storyboard in Resources */ = {isa = PBXBuildFile; fileRef = 973A4BDF1A1F174D0039175A /* Main.storyboard */; };
		973A4BE31A1F174D0039175A /* Images.xcassets in Resources */ = {isa = PBXBuildFile; fileRef = 973A4BE21A1F174D0039175A /* Images.xcassets */; };
		973A4BE61A1F174D0039175A /* LaunchScreen.xib in Resources */ = {isa = PBXBuildFile; fileRef = 973A4BE41A1F174D0039175A /* LaunchScreen.xib */; };
		973A4BF21A1F174D0039175A /* TextSlateTests.m in Sources */ = {isa = PBXBuildFile; fileRef = 973A4BF11A1F174D0039175A /* TextSlateTests.m */; };
		975B1E7E1A2070070028BE25 /* TSSignInViewController.m in Sources */ = {isa = PBXBuildFile; fileRef = 975B1E7A1A2070070028BE25 /* TSSignInViewController.m */; };
		975B1E7F1A2070070028BE25 /* TSSignUpViewController.m in Sources */ = {isa = PBXBuildFile; fileRef = 975B1E7D1A2070070028BE25 /* TSSignUpViewController.m */; };
		97C439BC1A206A3D00DD9B1B /* Bolts.framework in Frameworks */ = {isa = PBXBuildFile; fileRef = 97C439B81A206A3D00DD9B1B /* Bolts.framework */; };
		97C439BD1A206A3D00DD9B1B /* Parse.framework in Frameworks */ = {isa = PBXBuildFile; fileRef = 97C439B91A206A3D00DD9B1B /* Parse.framework */; };
		97C439BE1A206A3D00DD9B1B /* ParseFacebookUtils.framework in Frameworks */ = {isa = PBXBuildFile; fileRef = 97C439BA1A206A3D00DD9B1B /* ParseFacebookUtils.framework */; };
		97C439BF1A206A3D00DD9B1B /* ParseUI.framework in Frameworks */ = {isa = PBXBuildFile; fileRef = 97C439BB1A206A3D00DD9B1B /* ParseUI.framework */; };
/* End PBXBuildFile section */

/* Begin PBXContainerItemProxy section */
		973A4BEC1A1F174D0039175A /* PBXContainerItemProxy */ = {
			isa = PBXContainerItemProxy;
			containerPortal = 973A4BCA1A1F174D0039175A /* Project object */;
			proxyType = 1;
			remoteGlobalIDString = 973A4BD11A1F174D0039175A;
			remoteInfo = TextSlate;
		};
/* End PBXContainerItemProxy section */

/* Begin PBXFileReference section */
		971687DE1A1F1C2B00FE98FC /* TSTeacher.h */ = {isa = PBXFileReference; fileEncoding = 4; lastKnownFileType = sourcecode.c.h; path = TSTeacher.h; sourceTree = "<group>"; };
		971687DF1A1F1C2B00FE98FC /* TSTeacher.m */ = {isa = PBXFileReference; fileEncoding = 4; lastKnownFileType = sourcecode.c.objc; path = TSTeacher.m; sourceTree = "<group>"; };
		971687E11A1F1C3900FE98FC /* TSParent.h */ = {isa = PBXFileReference; fileEncoding = 4; lastKnownFileType = sourcecode.c.h; path = TSParent.h; sourceTree = "<group>"; };
		971687E21A1F1C3900FE98FC /* TSParent.m */ = {isa = PBXFileReference; fileEncoding = 4; lastKnownFileType = sourcecode.c.objc; path = TSParent.m; sourceTree = "<group>"; };
		971687E51A1F823900FE98FC /* TSUtils.h */ = {isa = PBXFileReference; fileEncoding = 4; lastKnownFileType = sourcecode.c.h; path = TSUtils.h; sourceTree = "<group>"; };
		971687E61A1F823900FE98FC /* TSUtils.m */ = {isa = PBXFileReference; fileEncoding = 4; lastKnownFileType = sourcecode.c.objc; path = TSUtils.m; sourceTree = "<group>"; };
		971688091A20656100FE98FC /* AudioToolbox.framework */ = {isa = PBXFileReference; lastKnownFileType = wrapper.framework; name = AudioToolbox.framework; path = System/Library/Frameworks/AudioToolbox.framework; sourceTree = SDKROOT; };
		9716880A1A20656100FE98FC /* CFNetwork.framework */ = {isa = PBXFileReference; lastKnownFileType = wrapper.framework; name = CFNetwork.framework; path = System/Library/Frameworks/CFNetwork.framework; sourceTree = SDKROOT; };
		9716880B1A20656100FE98FC /* CoreGraphics.framework */ = {isa = PBXFileReference; lastKnownFileType = wrapper.framework; name = CoreGraphics.framework; path = System/Library/Frameworks/CoreGraphics.framework; sourceTree = SDKROOT; };
		9716880C1A20656100FE98FC /* CoreLocation.framework */ = {isa = PBXFileReference; lastKnownFileType = wrapper.framework; name = CoreLocation.framework; path = System/Library/Frameworks/CoreLocation.framework; sourceTree = SDKROOT; };
		9716880D1A20656100FE98FC /* libz.dylib */ = {isa = PBXFileReference; lastKnownFileType = "compiled.mach-o.dylib"; name = libz.dylib; path = usr/lib/libz.dylib; sourceTree = SDKROOT; };
		9716880E1A20656100FE98FC /* MobileCoreServices.framework */ = {isa = PBXFileReference; lastKnownFileType = wrapper.framework; name = MobileCoreServices.framework; path = System/Library/Frameworks/MobileCoreServices.framework; sourceTree = SDKROOT; };
		9716880F1A20656100FE98FC /* QuartzCore.framework */ = {isa = PBXFileReference; lastKnownFileType = wrapper.framework; name = QuartzCore.framework; path = System/Library/Frameworks/QuartzCore.framework; sourceTree = SDKROOT; };
		971688101A20656100FE98FC /* Security.framework */ = {isa = PBXFileReference; lastKnownFileType = wrapper.framework; name = Security.framework; path = System/Library/Frameworks/Security.framework; sourceTree = SDKROOT; };
		971688111A20656100FE98FC /* StoreKit.framework */ = {isa = PBXFileReference; lastKnownFileType = wrapper.framework; name = StoreKit.framework; path = System/Library/Frameworks/StoreKit.framework; sourceTree = SDKROOT; };
		971688121A20656100FE98FC /* SystemConfiguration.framework */ = {isa = PBXFileReference; lastKnownFileType = wrapper.framework; name = SystemConfiguration.framework; path = System/Library/Frameworks/SystemConfiguration.framework; sourceTree = SDKROOT; };
		973A4BD21A1F174D0039175A /* TextSlate.app */ = {isa = PBXFileReference; explicitFileType = wrapper.application; includeInIndex = 0; path = TextSlate.app; sourceTree = BUILT_PRODUCTS_DIR; };
		973A4BD61A1F174D0039175A /* Info.plist */ = {isa = PBXFileReference; lastKnownFileType = text.plist.xml; path = Info.plist; sourceTree = "<group>"; };
		973A4BD71A1F174D0039175A /* main.m */ = {isa = PBXFileReference; lastKnownFileType = sourcecode.c.objc; path = main.m; sourceTree = "<group>"; };
		973A4BD91A1F174D0039175A /* AppDelegate.h */ = {isa = PBXFileReference; lastKnownFileType = sourcecode.c.h; path = AppDelegate.h; sourceTree = "<group>"; };
		973A4BDA1A1F174D0039175A /* AppDelegate.m */ = {isa = PBXFileReference; lastKnownFileType = sourcecode.c.objc; path = AppDelegate.m; sourceTree = "<group>"; };
		973A4BE01A1F174D0039175A /* Base */ = {isa = PBXFileReference; lastKnownFileType = file.storyboard; name = Base; path = Base.lproj/Main.storyboard; sourceTree = "<group>"; };
		973A4BE21A1F174D0039175A /* Images.xcassets */ = {isa = PBXFileReference; lastKnownFileType = folder.assetcatalog; path = Images.xcassets; sourceTree = "<group>"; };
		973A4BE51A1F174D0039175A /* Base */ = {isa = PBXFileReference; lastKnownFileType = file.xib; name = Base; path = Base.lproj/LaunchScreen.xib; sourceTree = "<group>"; };
		973A4BEB1A1F174D0039175A /* TextSlateTests.xctest */ = {isa = PBXFileReference; explicitFileType = wrapper.cfbundle; includeInIndex = 0; path = TextSlateTests.xctest; sourceTree = BUILT_PRODUCTS_DIR; };
		973A4BF01A1F174D0039175A /* Info.plist */ = {isa = PBXFileReference; lastKnownFileType = text.plist.xml; path = Info.plist; sourceTree = "<group>"; };
		973A4BF11A1F174D0039175A /* TextSlateTests.m */ = {isa = PBXFileReference; lastKnownFileType = sourcecode.c.objc; path = TextSlateTests.m; sourceTree = "<group>"; };
		975B1E791A2070070028BE25 /* TSSignInViewController.h */ = {isa = PBXFileReference; fileEncoding = 4; lastKnownFileType = sourcecode.c.h; path = TSSignInViewController.h; sourceTree = "<group>"; };
		975B1E7A1A2070070028BE25 /* TSSignInViewController.m */ = {isa = PBXFileReference; fileEncoding = 4; lastKnownFileType = sourcecode.c.objc; path = TSSignInViewController.m; sourceTree = "<group>"; };
		975B1E7C1A2070070028BE25 /* TSSignUpViewController.h */ = {isa = PBXFileReference; fileEncoding = 4; lastKnownFileType = sourcecode.c.h; path = TSSignUpViewController.h; sourceTree = "<group>"; };
		975B1E7D1A2070070028BE25 /* TSSignUpViewController.m */ = {isa = PBXFileReference; fileEncoding = 4; lastKnownFileType = sourcecode.c.objc; path = TSSignUpViewController.m; sourceTree = "<group>"; };
		97C439B81A206A3D00DD9B1B /* Bolts.framework */ = {isa = PBXFileReference; lastKnownFileType = wrapper.framework; path = Bolts.framework; sourceTree = "<group>"; };
		97C439B91A206A3D00DD9B1B /* Parse.framework */ = {isa = PBXFileReference; lastKnownFileType = wrapper.framework; path = Parse.framework; sourceTree = "<group>"; };
		97C439BA1A206A3D00DD9B1B /* ParseFacebookUtils.framework */ = {isa = PBXFileReference; lastKnownFileType = wrapper.framework; path = ParseFacebookUtils.framework; sourceTree = "<group>"; };
		97C439BB1A206A3D00DD9B1B /* ParseUI.framework */ = {isa = PBXFileReference; lastKnownFileType = wrapper.framework; path = ParseUI.framework; sourceTree = "<group>"; };
/* End PBXFileReference section */

/* Begin PBXFrameworksBuildPhase section */
		973A4BCF1A1F174D0039175A /* Frameworks */ = {
			isa = PBXFrameworksBuildPhase;
			buildActionMask = 2147483647;
			files = (
				97C439BC1A206A3D00DD9B1B /* Bolts.framework in Frameworks */,
				97C439BD1A206A3D00DD9B1B /* Parse.framework in Frameworks */,
				97C439BE1A206A3D00DD9B1B /* ParseFacebookUtils.framework in Frameworks */,
				97C439BF1A206A3D00DD9B1B /* ParseUI.framework in Frameworks */,
				971688131A20656100FE98FC /* AudioToolbox.framework in Frameworks */,
				971688141A20656100FE98FC /* CFNetwork.framework in Frameworks */,
				971688151A20656100FE98FC /* CoreGraphics.framework in Frameworks */,
				971688161A20656100FE98FC /* CoreLocation.framework in Frameworks */,
				971688171A20656100FE98FC /* libz.dylib in Frameworks */,
				971688181A20656100FE98FC /* MobileCoreServices.framework in Frameworks */,
				971688191A20656100FE98FC /* QuartzCore.framework in Frameworks */,
				9716881A1A20656100FE98FC /* Security.framework in Frameworks */,
				9716881B1A20656100FE98FC /* StoreKit.framework in Frameworks */,
				9716881C1A20656100FE98FC /* SystemConfiguration.framework in Frameworks */,
			);
			runOnlyForDeploymentPostprocessing = 0;
		};
		973A4BE81A1F174D0039175A /* Frameworks */ = {
			isa = PBXFrameworksBuildPhase;
			buildActionMask = 2147483647;
			files = (
			);
			runOnlyForDeploymentPostprocessing = 0;
		};
/* End PBXFrameworksBuildPhase section */

/* Begin PBXGroup section */
		971687D71A1F1BCA00FE98FC /* Controllers */ = {
			isa = PBXGroup;
			children = (
				975B1E781A2070070028BE25 /* Sign In Controllers */,
				975B1E7B1A2070070028BE25 /* Sign Up Controllers */,
			);
			path = Controllers;
			sourceTree = "<group>";
		};
		971687DA1A1F1BCA00FE98FC /* Models */ = {
			isa = PBXGroup;
			children = (
				971687DE1A1F1C2B00FE98FC /* TSTeacher.h */,
				971687DF1A1F1C2B00FE98FC /* TSTeacher.m */,
				971687E11A1F1C3900FE98FC /* TSParent.h */,
				971687E21A1F1C3900FE98FC /* TSParent.m */,
			);
			path = Models;
			sourceTree = "<group>";
		};
		971687DB1A1F1BCA00FE98FC /* Resources */ = {
			isa = PBXGroup;
			children = (
			);
			path = Resources;
			sourceTree = "<group>";
		};
		971687DC1A1F1BCA00FE98FC /* Views */ = {
			isa = PBXGroup;
			children = (
			);
			path = Views;
			sourceTree = "<group>";
		};
		971687E41A1F822D00FE98FC /* Utils */ = {
			isa = PBXGroup;
			children = (
				971687E51A1F823900FE98FC /* TSUtils.h */,
				971687E61A1F823900FE98FC /* TSUtils.m */,
			);
			path = Utils;
			sourceTree = "<group>";
		};
		973A4BC91A1F174D0039175A = {
			isa = PBXGroup;
			children = (
				97C439B81A206A3D00DD9B1B /* Bolts.framework */,
				97C439B91A206A3D00DD9B1B /* Parse.framework */,
				97C439BA1A206A3D00DD9B1B /* ParseFacebookUtils.framework */,
				97C439BB1A206A3D00DD9B1B /* ParseUI.framework */,
				971688091A20656100FE98FC /* AudioToolbox.framework */,
				9716880A1A20656100FE98FC /* CFNetwork.framework */,
				9716880B1A20656100FE98FC /* CoreGraphics.framework */,
				9716880C1A20656100FE98FC /* CoreLocation.framework */,
				9716880D1A20656100FE98FC /* libz.dylib */,
				9716880E1A20656100FE98FC /* MobileCoreServices.framework */,
				9716880F1A20656100FE98FC /* QuartzCore.framework */,
				971688101A20656100FE98FC /* Security.framework */,
				971688111A20656100FE98FC /* StoreKit.framework */,
				971688121A20656100FE98FC /* SystemConfiguration.framework */,
				973A4BD41A1F174D0039175A /* TextSlate */,
				973A4BEE1A1F174D0039175A /* TextSlateTests */,
				973A4BD31A1F174D0039175A /* Products */,
			);
			sourceTree = "<group>";
		};
		973A4BD31A1F174D0039175A /* Products */ = {
			isa = PBXGroup;
			children = (
				973A4BD21A1F174D0039175A /* TextSlate.app */,
				973A4BEB1A1F174D0039175A /* TextSlateTests.xctest */,
			);
			name = Products;
			sourceTree = "<group>";
		};
		973A4BD41A1F174D0039175A /* TextSlate */ = {
			isa = PBXGroup;
			children = (
				971687E41A1F822D00FE98FC /* Utils */,
				971687D71A1F1BCA00FE98FC /* Controllers */,
				971687DA1A1F1BCA00FE98FC /* Models */,
				971687DB1A1F1BCA00FE98FC /* Resources */,
				971687DC1A1F1BCA00FE98FC /* Views */,
				973A4BD91A1F174D0039175A /* AppDelegate.h */,
				973A4BDA1A1F174D0039175A /* AppDelegate.m */,
				973A4BDF1A1F174D0039175A /* Main.storyboard */,
				973A4BE21A1F174D0039175A /* Images.xcassets */,
				973A4BE41A1F174D0039175A /* LaunchScreen.xib */,
				973A4BD51A1F174D0039175A /* Supporting Files */,
			);
			path = TextSlate;
			sourceTree = "<group>";
		};
		973A4BD51A1F174D0039175A /* Supporting Files */ = {
			isa = PBXGroup;
			children = (
				973A4BD61A1F174D0039175A /* Info.plist */,
				973A4BD71A1F174D0039175A /* main.m */,
			);
			name = "Supporting Files";
			sourceTree = "<group>";
		};
		973A4BEE1A1F174D0039175A /* TextSlateTests */ = {
			isa = PBXGroup;
			children = (
				973A4BF11A1F174D0039175A /* TextSlateTests.m */,
				973A4BEF1A1F174D0039175A /* Supporting Files */,
			);
			path = TextSlateTests;
			sourceTree = "<group>";
		};
		973A4BEF1A1F174D0039175A /* Supporting Files */ = {
			isa = PBXGroup;
			children = (
				973A4BF01A1F174D0039175A /* Info.plist */,
			);
			name = "Supporting Files";
			sourceTree = "<group>";
		};
		975B1E781A2070070028BE25 /* Sign In Controllers */ = {
			isa = PBXGroup;
			children = (
				975B1E791A2070070028BE25 /* TSSignInViewController.h */,
				975B1E7A1A2070070028BE25 /* TSSignInViewController.m */,
			);
			path = "Sign In Controllers";
			sourceTree = "<group>";
		};
		975B1E7B1A2070070028BE25 /* Sign Up Controllers */ = {
			isa = PBXGroup;
			children = (
				975B1E7C1A2070070028BE25 /* TSSignUpViewController.h */,
				975B1E7D1A2070070028BE25 /* TSSignUpViewController.m */,
			);
			path = "Sign Up Controllers";
			sourceTree = "<group>";
		};
/* End PBXGroup section */

/* Begin PBXNativeTarget section */
		973A4BD11A1F174D0039175A /* TextSlate */ = {
			isa = PBXNativeTarget;
			buildConfigurationList = 973A4BF51A1F174D0039175A /* Build configuration list for PBXNativeTarget "TextSlate" */;
			buildPhases = (
				973A4BCE1A1F174D0039175A /* Sources */,
				973A4BCF1A1F174D0039175A /* Frameworks */,
				973A4BD01A1F174D0039175A /* Resources */,
			);
			buildRules = (
			);
			dependencies = (
			);
			name = TextSlate;
			productName = TextSlate;
			productReference = 973A4BD21A1F174D0039175A /* TextSlate.app */;
			productType = "com.apple.product-type.application";
		};
		973A4BEA1A1F174D0039175A /* TextSlateTests */ = {
			isa = PBXNativeTarget;
			buildConfigurationList = 973A4BF81A1F174D0039175A /* Build configuration list for PBXNativeTarget "TextSlateTests" */;
			buildPhases = (
				973A4BE71A1F174D0039175A /* Sources */,
				973A4BE81A1F174D0039175A /* Frameworks */,
				973A4BE91A1F174D0039175A /* Resources */,
			);
			buildRules = (
			);
			dependencies = (
				973A4BED1A1F174D0039175A /* PBXTargetDependency */,
			);
			name = TextSlateTests;
			productName = TextSlateTests;
			productReference = 973A4BEB1A1F174D0039175A /* TextSlateTests.xctest */;
			productType = "com.apple.product-type.bundle.unit-test";
		};
/* End PBXNativeTarget section */

/* Begin PBXProject section */
		973A4BCA1A1F174D0039175A /* Project object */ = {
			isa = PBXProject;
			attributes = {
				LastUpgradeCheck = 0610;
				ORGANIZATIONNAME = "Ravi Vooda";
				TargetAttributes = {
					973A4BD11A1F174D0039175A = {
						CreatedOnToolsVersion = 6.1;
					};
					973A4BEA1A1F174D0039175A = {
						CreatedOnToolsVersion = 6.1;
						TestTargetID = 973A4BD11A1F174D0039175A;
					};
				};
			};
			buildConfigurationList = 973A4BCD1A1F174D0039175A /* Build configuration list for PBXProject "TextSlate" */;
			compatibilityVersion = "Xcode 3.2";
			developmentRegion = English;
			hasScannedForEncodings = 0;
			knownRegions = (
				en,
				Base,
			);
			mainGroup = 973A4BC91A1F174D0039175A;
			productRefGroup = 973A4BD31A1F174D0039175A /* Products */;
			projectDirPath = "";
			projectRoot = "";
			targets = (
				973A4BD11A1F174D0039175A /* TextSlate */,
				973A4BEA1A1F174D0039175A /* TextSlateTests */,
			);
		};
/* End PBXProject section */

/* Begin PBXResourcesBuildPhase section */
		973A4BD01A1F174D0039175A /* Resources */ = {
			isa = PBXResourcesBuildPhase;
			buildActionMask = 2147483647;
			files = (
				973A4BE11A1F174D0039175A /* Main.storyboard in Resources */,
				973A4BE61A1F174D0039175A /* LaunchScreen.xib in Resources */,
				973A4BE31A1F174D0039175A /* Images.xcassets in Resources */,
			);
			runOnlyForDeploymentPostprocessing = 0;
		};
		973A4BE91A1F174D0039175A /* Resources */ = {
			isa = PBXResourcesBuildPhase;
			buildActionMask = 2147483647;
			files = (
			);
			runOnlyForDeploymentPostprocessing = 0;
		};
/* End PBXResourcesBuildPhase section */

/* Begin PBXSourcesBuildPhase section */
		973A4BCE1A1F174D0039175A /* Sources */ = {
			isa = PBXSourcesBuildPhase;
			buildActionMask = 2147483647;
			files = (
				973A4BDB1A1F174D0039175A /* AppDelegate.m in Sources */,
				975B1E7F1A2070070028BE25 /* TSSignUpViewController.m in Sources */,
				975B1E7E1A2070070028BE25 /* TSSignInViewController.m in Sources */,
				971687E01A1F1C2B00FE98FC /* TSTeacher.m in Sources */,
				971687E31A1F1C3900FE98FC /* TSParent.m in Sources */,
				971687E71A1F823900FE98FC /* TSUtils.m in Sources */,
				973A4BD81A1F174D0039175A /* main.m in Sources */,
			);
			runOnlyForDeploymentPostprocessing = 0;
		};
		973A4BE71A1F174D0039175A /* Sources */ = {
			isa = PBXSourcesBuildPhase;
			buildActionMask = 2147483647;
			files = (
				973A4BF21A1F174D0039175A /* TextSlateTests.m in Sources */,
			);
			runOnlyForDeploymentPostprocessing = 0;
		};
/* End PBXSourcesBuildPhase section */

/* Begin PBXTargetDependency section */
		973A4BED1A1F174D0039175A /* PBXTargetDependency */ = {
			isa = PBXTargetDependency;
			target = 973A4BD11A1F174D0039175A /* TextSlate */;
			targetProxy = 973A4BEC1A1F174D0039175A /* PBXContainerItemProxy */;
		};
/* End PBXTargetDependency section */

/* Begin PBXVariantGroup section */
		973A4BDF1A1F174D0039175A /* Main.storyboard */ = {
			isa = PBXVariantGroup;
			children = (
				973A4BE01A1F174D0039175A /* Base */,
			);
			name = Main.storyboard;
			sourceTree = "<group>";
		};
		973A4BE41A1F174D0039175A /* LaunchScreen.xib */ = {
			isa = PBXVariantGroup;
			children = (
				973A4BE51A1F174D0039175A /* Base */,
			);
			name = LaunchScreen.xib;
			sourceTree = "<group>";
		};
/* End PBXVariantGroup section */

/* Begin XCBuildConfiguration section */
		973A4BF31A1F174D0039175A /* Debug */ = {
			isa = XCBuildConfiguration;
			buildSettings = {
				ALWAYS_SEARCH_USER_PATHS = NO;
				CLANG_CXX_LANGUAGE_STANDARD = "gnu++0x";
				CLANG_CXX_LIBRARY = "libc++";
				CLANG_ENABLE_MODULES = YES;
				CLANG_ENABLE_OBJC_ARC = YES;
				CLANG_WARN_BOOL_CONVERSION = YES;
				CLANG_WARN_CONSTANT_CONVERSION = YES;
				CLANG_WARN_DIRECT_OBJC_ISA_USAGE = YES_ERROR;
				CLANG_WARN_EMPTY_BODY = YES;
				CLANG_WARN_ENUM_CONVERSION = YES;
				CLANG_WARN_INT_CONVERSION = YES;
				CLANG_WARN_OBJC_ROOT_CLASS = YES_ERROR;
				CLANG_WARN_UNREACHABLE_CODE = YES;
				CLANG_WARN__DUPLICATE_METHOD_MATCH = YES;
				"CODE_SIGN_IDENTITY[sdk=iphoneos*]" = "iPhone Developer";
				COPY_PHASE_STRIP = NO;
				ENABLE_STRICT_OBJC_MSGSEND = YES;
				GCC_C_LANGUAGE_STANDARD = gnu99;
				GCC_DYNAMIC_NO_PIC = NO;
				GCC_OPTIMIZATION_LEVEL = 0;
				GCC_PREPROCESSOR_DEFINITIONS = (
					"DEBUG=1",
					"$(inherited)",
				);
				GCC_SYMBOLS_PRIVATE_EXTERN = NO;
				GCC_WARN_64_TO_32_BIT_CONVERSION = YES;
				GCC_WARN_ABOUT_RETURN_TYPE = YES_ERROR;
				GCC_WARN_UNDECLARED_SELECTOR = YES;
				GCC_WARN_UNINITIALIZED_AUTOS = YES_AGGRESSIVE;
				GCC_WARN_UNUSED_FUNCTION = YES;
				GCC_WARN_UNUSED_VARIABLE = YES;
				IPHONEOS_DEPLOYMENT_TARGET = 8.1;
				MTL_ENABLE_DEBUG_INFO = YES;
				ONLY_ACTIVE_ARCH = YES;
				SDKROOT = iphoneos;
			};
			name = Debug;
		};
		973A4BF41A1F174D0039175A /* Release */ = {
			isa = XCBuildConfiguration;
			buildSettings = {
				ALWAYS_SEARCH_USER_PATHS = NO;
				CLANG_CXX_LANGUAGE_STANDARD = "gnu++0x";
				CLANG_CXX_LIBRARY = "libc++";
				CLANG_ENABLE_MODULES = YES;
				CLANG_ENABLE_OBJC_ARC = YES;
				CLANG_WARN_BOOL_CONVERSION = YES;
				CLANG_WARN_CONSTANT_CONVERSION = YES;
				CLANG_WARN_DIRECT_OBJC_ISA_USAGE = YES_ERROR;
				CLANG_WARN_EMPTY_BODY = YES;
				CLANG_WARN_ENUM_CONVERSION = YES;
				CLANG_WARN_INT_CONVERSION = YES;
				CLANG_WARN_OBJC_ROOT_CLASS = YES_ERROR;
				CLANG_WARN_UNREACHABLE_CODE = YES;
				CLANG_WARN__DUPLICATE_METHOD_MATCH = YES;
				"CODE_SIGN_IDENTITY[sdk=iphoneos*]" = "iPhone Developer";
				COPY_PHASE_STRIP = YES;
				ENABLE_NS_ASSERTIONS = NO;
				ENABLE_STRICT_OBJC_MSGSEND = YES;
				GCC_C_LANGUAGE_STANDARD = gnu99;
				GCC_WARN_64_TO_32_BIT_CONVERSION = YES;
				GCC_WARN_ABOUT_RETURN_TYPE = YES_ERROR;
				GCC_WARN_UNDECLARED_SELECTOR = YES;
				GCC_WARN_UNINITIALIZED_AUTOS = YES_AGGRESSIVE;
				GCC_WARN_UNUSED_FUNCTION = YES;
				GCC_WARN_UNUSED_VARIABLE = YES;
				IPHONEOS_DEPLOYMENT_TARGET = 8.1;
				MTL_ENABLE_DEBUG_INFO = NO;
				SDKROOT = iphoneos;
				VALIDATE_PRODUCT = YES;
			};
			name = Release;
		};
		973A4BF61A1F174D0039175A /* Debug */ = {
			isa = XCBuildConfiguration;
			buildSettings = {
				ASSETCATALOG_COMPILER_APPICON_NAME = AppIcon;
				FRAMEWORK_SEARCH_PATHS = (
					"$(inherited)",
					"$(PROJECT_DIR)/TextSlate/External",
					Frameworks,
					"$(PROJECT_DIR)/TextSlate/External",
					Frameworks,
					"/Users/ravivooda/Downloads/parse-library-1",
					"$(PROJECT_DIR)/TextSlate/External",
					Frameworks,
					"$(PROJECT_DIR)",
				);
				INFOPLIST_FILE = TextSlate/Info.plist;
				LD_RUNPATH_SEARCH_PATHS = "$(inherited) @executable_path/Frameworks";
				PRODUCT_NAME = "$(TARGET_NAME)";
			};
			name = Debug;
		};
		973A4BF71A1F174D0039175A /* Release */ = {
			isa = XCBuildConfiguration;
			buildSettings = {
				ASSETCATALOG_COMPILER_APPICON_NAME = AppIcon;
				FRAMEWORK_SEARCH_PATHS = (
					"$(inherited)",
					"$(PROJECT_DIR)/TextSlate/External",
					Frameworks,
					"$(PROJECT_DIR)/TextSlate/External",
					Frameworks,
					"/Users/ravivooda/Downloads/parse-library-1",
					"$(PROJECT_DIR)/TextSlate/External",
					Frameworks,
					"$(PROJECT_DIR)",
				);
				INFOPLIST_FILE = TextSlate/Info.plist;
				LD_RUNPATH_SEARCH_PATHS = "$(inherited) @executable_path/Frameworks";
				PRODUCT_NAME = "$(TARGET_NAME)";
			};
			name = Release;
		};
		973A4BF91A1F174D0039175A /* Debug */ = {
			isa = XCBuildConfiguration;
			buildSettings = {
				BUNDLE_LOADER = "$(TEST_HOST)";
				FRAMEWORK_SEARCH_PATHS = (
					"$(SDKROOT)/Developer/Library/Frameworks",
					"$(inherited)",
				);
				GCC_PREPROCESSOR_DEFINITIONS = (
					"DEBUG=1",
					"$(inherited)",
				);
				INFOPLIST_FILE = TextSlateTests/Info.plist;
				LD_RUNPATH_SEARCH_PATHS = "$(inherited) @executable_path/Frameworks @loader_path/Frameworks";
				PRODUCT_NAME = "$(TARGET_NAME)";
				TEST_HOST = "$(BUILT_PRODUCTS_DIR)/TextSlate.app/TextSlate";
			};
			name = Debug;
		};
		973A4BFA1A1F174D0039175A /* Release */ = {
			isa = XCBuildConfiguration;
			buildSettings = {
				BUNDLE_LOADER = "$(TEST_HOST)";
				FRAMEWORK_SEARCH_PATHS = (
					"$(SDKROOT)/Developer/Library/Frameworks",
					"$(inherited)",
				);
				INFOPLIST_FILE = TextSlateTests/Info.plist;
				LD_RUNPATH_SEARCH_PATHS = "$(inherited) @executable_path/Frameworks @loader_path/Frameworks";
				PRODUCT_NAME = "$(TARGET_NAME)";
				TEST_HOST = "$(BUILT_PRODUCTS_DIR)/TextSlate.app/TextSlate";
			};
			name = Release;
		};
/* End XCBuildConfiguration section */

/* Begin XCConfigurationList section */
		973A4BCD1A1F174D0039175A /* Build configuration list for PBXProject "TextSlate" */ = {
			isa = XCConfigurationList;
			buildConfigurations = (
				973A4BF31A1F174D0039175A /* Debug */,
				973A4BF41A1F174D0039175A /* Release */,
			);
			defaultConfigurationIsVisible = 0;
			defaultConfigurationName = Release;
		};
		973A4BF51A1F174D0039175A /* Build configuration list for PBXNativeTarget "TextSlate" */ = {
			isa = XCConfigurationList;
			buildConfigurations = (
				973A4BF61A1F174D0039175A /* Debug */,
				973A4BF71A1F174D0039175A /* Release */,
			);
			defaultConfigurationIsVisible = 0;
			defaultConfigurationName = Release;
		};
		973A4BF81A1F174D0039175A /* Build configuration list for PBXNativeTarget "TextSlateTests" */ = {
			isa = XCConfigurationList;
			buildConfigurations = (
				973A4BF91A1F174D0039175A /* Debug */,
				973A4BFA1A1F174D0039175A /* Release */,
			);
			defaultConfigurationIsVisible = 0;
			defaultConfigurationName = Release;
		};
/* End XCConfigurationList section */
	};
	rootObject = 973A4BCA1A1F174D0039175A /* Project object */;
}
